
Microsoft Visual Studio Solution File, Format Version 12.00
# Visual Studio 2012
Project("{FAE04EC0-301F-11D3-BF4B-00C04F79EFBC}") = "SampleKT", "SampleKT\SampleKT.csproj", "{9FD2938F-00B2-459C-BED1-D6F4F6EB551E}"
EndProject
Global
	GlobalSection(SolutionConfigurationPlatforms) = preSolution
		Debug|iPhoneSimulator = Debug|iPhoneSimulator
		Release|iPhone = Release|iPhone
		Release|iPhoneSimulator = Release|iPhoneSimulator
		Debug|iPhone = Debug|iPhone
	EndGlobalSection
	GlobalSection(ProjectConfigurationPlatforms) = postSolution
		{9FD2938F-00B2-459C-BED1-D6F4F6EB551E}.Debug|iPhoneSimulator.ActiveCfg = Debug|iPhoneSimulator
		{9FD2938F-00B2-459C-BED1-D6F4F6EB551E}.Debug|iPhoneSimulator.Build.0 = Debug|iPhoneSimulator
		{9FD2938F-00B2-459C-BED1-D6F4F6EB551E}.Release|iPhone.ActiveCfg = Release|iPhone
		{9FD2938F-00B2-459C-BED1-D6F4F6EB551E}.Release|iPhone.Build.0 = Release|iPhone
		{9FD2938F-00B2-459C-BED1-D6F4F6EB551E}.Release|iPhoneSimulator.ActiveCfg = Release|iPhoneSimulator
		{9FD2938F-00B2-459C-BED1-D6F4F6EB551E}.Release|iPhoneSimulator.Build.0 = Release|iPhoneSimulator
		{9FD2938F-00B2-459C-BED1-D6F4F6EB551E}.Debug|iPhone.ActiveCfg = Debug|iPhone
		{9FD2938F-00B2-459C-BED1-D6F4F6EB551E}.Debug|iPhone.Build.0 = Debug|iPhone
	EndGlobalSection
EndGlobal
